
Microsoft Visual Studio Solution File, Format Version 12.00
# Visual Studio Version 17
VisualStudioVersion = 17.6.33815.320
MinimumVisualStudioVersion = 10.0.40219.1
Project("{9A19103F-16F7-4668-BE54-9A1E7A4F7556}") = "MovieAPI", "MovieAPI\MovieAPI.csproj", "{43786433-44B7-42DE-8C2F-CDB61FB9B915}"
EndProject
Project("{FAE04EC0-301F-11D3-BF4B-00C04F79EFBC}") = "MovieAPI.Tests", "MovieAPI.Tests\MovieAPI.Tests.csproj", "{39567DD4-E29F-4E90-BDFD-BD1EAC976EFC}"
EndProject
Global
	GlobalSection(SolutionConfigurationPlatforms) = preSolution
		Debug|Any CPU = Debug|Any CPU
		Release|Any CPU = Release|Any CPU
	EndGlobalSection
	GlobalSection(ProjectConfigurationPlatforms) = postSolution
		{43786433-44B7-42DE-8C2F-CDB61FB9B915}.Debug|Any CPU.ActiveCfg = Debug|Any CPU
		{43786433-44B7-42DE-8C2F-CDB61FB9B915}.Debug|Any CPU.Build.0 = Debug|Any CPU
		{43786433-44B7-42DE-8C2F-CDB61FB9B915}.Release|Any CPU.ActiveCfg = Release|Any CPU
		{43786433-44B7-42DE-8C2F-CDB61FB9B915}.Release|Any CPU.Build.0 = Release|Any CPU
		{39567DD4-E29F-4E90-BDFD-BD1EAC976EFC}.Debug|Any CPU.ActiveCfg = Debug|Any CPU
		{39567DD4-E29F-4E90-BDFD-BD1EAC976EFC}.Debug|Any CPU.Build.0 = Debug|Any CPU
		{39567DD4-E29F-4E90-BDFD-BD1EAC976EFC}.Release|Any CPU.ActiveCfg = Release|Any CPU
		{39567DD4-E29F-4E90-BDFD-BD1EAC976EFC}.Release|Any CPU.Build.0 = Release|Any CPU
	EndGlobalSection
	GlobalSection(SolutionProperties) = preSolution
		HideSolutionNode = FALSE
	EndGlobalSection
	GlobalSection(ExtensibilityGlobals) = postSolution
		SolutionGuid = {471AEAF0-48AC-4DD2-94D4-94DB46F6EC13}
	EndGlobalSection
EndGlobal
